
Microsoft Visual Studio Solution File, Format Version 12.00
# Visual Studio Version 16
VisualStudioVersion = 16.0.31205.134
MinimumVisualStudioVersion = 10.0.40219.1
Project("{FAE04EC0-301F-11D3-BF4B-00C04F79EFBC}") = "prjAdoDotNetDemo", "prjAdoDotNetDemo\prjAdoDotNetDemo.csproj", "{318459E7-DFFA-4E29-8951-5FBC02B95BE3}"
EndProject
Global
	GlobalSection(SolutionConfigurationPlatforms) = preSolution
		Debug|Any CPU = Debug|Any CPU
		Release|Any CPU = Release|Any CPU
	EndGlobalSection
	GlobalSection(ProjectConfigurationPlatforms) = postSolution
		{318459E7-DFFA-4E29-8951-5FBC02B95BE3}.Debug|Any CPU.ActiveCfg = Debug|Any CPU
		{318459E7-DFFA-4E29-8951-5FBC02B95BE3}.Debug|Any CPU.Build.0 = Debug|Any CPU
		{318459E7-DFFA-4E29-8951-5FBC02B95BE3}.Release|Any CPU.ActiveCfg = Release|Any CPU
		{318459E7-DFFA-4E29-8951-5FBC02B95BE3}.Release|Any CPU.Build.0 = Release|Any CPU
	EndGlobalSection
	GlobalSection(SolutionProperties) = preSolution
		HideSolutionNode = FALSE
	EndGlobalSection
	GlobalSection(ExtensibilityGlobals) = postSolution
		SolutionGuid = {3B3F2578-FE37-425C-80B0-A860CA2FF7D5}
	EndGlobalSection
EndGlobal
